
Microsoft Visual Studio Solution File, Format Version 12.00
# Visual Studio Version 16
VisualStudioVersion = 16.0.31624.102
MinimumVisualStudioVersion = 10.0.40219.1
Project("{9A19103F-16F7-4668-BE54-9A1E7A4F7556}") = "WebUserAPI", "WebUserAPI\WebUserAPI.csproj", "{3DB0E2EB-BBBA-4FCA-A291-FF090FFAEBD0}"
EndProject
Project("{FAE04EC0-301F-11D3-BF4B-00C04F79EFBC}") = "WebUserAPITest", "WebUserAPITest\WebUserAPITest.csproj", "{304F2F01-04F7-40F0-892D-84720BC87424}"
EndProject
Global
	GlobalSection(SolutionConfigurationPlatforms) = preSolution
		Debug|Any CPU = Debug|Any CPU
		Release|Any CPU = Release|Any CPU
	EndGlobalSection
	GlobalSection(ProjectConfigurationPlatforms) = postSolution
		{3DB0E2EB-BBBA-4FCA-A291-FF090FFAEBD0}.Debug|Any CPU.ActiveCfg = Debug|Any CPU
		{3DB0E2EB-BBBA-4FCA-A291-FF090FFAEBD0}.Debug|Any CPU.Build.0 = Debug|Any CPU
		{3DB0E2EB-BBBA-4FCA-A291-FF090FFAEBD0}.Release|Any CPU.ActiveCfg = Release|Any CPU
		{3DB0E2EB-BBBA-4FCA-A291-FF090FFAEBD0}.Release|Any CPU.Build.0 = Release|Any CPU
		{304F2F01-04F7-40F0-892D-84720BC87424}.Debug|Any CPU.ActiveCfg = Debug|Any CPU
		{304F2F01-04F7-40F0-892D-84720BC87424}.Debug|Any CPU.Build.0 = Debug|Any CPU
		{304F2F01-04F7-40F0-892D-84720BC87424}.Release|Any CPU.ActiveCfg = Release|Any CPU
		{304F2F01-04F7-40F0-892D-84720BC87424}.Release|Any CPU.Build.0 = Release|Any CPU
	EndGlobalSection
	GlobalSection(SolutionProperties) = preSolution
		HideSolutionNode = FALSE
	EndGlobalSection
	GlobalSection(ExtensibilityGlobals) = postSolution
		SolutionGuid = {39CBB401-6F16-4705-BB05-F14BA7E5D515}
	EndGlobalSection
EndGlobal
