
Microsoft Visual Studio Solution File, Format Version 12.00
# Visual Studio Version 16
VisualStudioVersion = 16.0.31624.102
MinimumVisualStudioVersion = 10.0.40219.1
Project("{9A19103F-16F7-4668-BE54-9A1E7A4F7556}") = "WebUserAPI", "WebUserAPI\WebUserAPI.csproj", "{3DB0E2EB-BBBA-4FCA-A291-FF090FFAEBD0}"
EndProject
Project("{9A19103F-16F7-4668-BE54-9A1E7A4F7556}") = "WebUserAPITest", "WebUserAPITest\WebUserAPITest.csproj", "{304F2F01-04F7-40F0-892D-84720BC87424}"
EndProject
Project("{9A19103F-16F7-4668-BE54-9A1E7A4F7556}") = "SpecFlowProject", "SpecFlowProject\SpecFlowProject.csproj", "{0B26439D-A2E0-4265-85F8-A007BAEAE26E}"
EndProject
Project("{FAE04EC0-301F-11D3-BF4B-00C04F79EFBC}") = "InfraStructure.Data", "InfraStructure.Data\InfraStructure.Data.csproj", "{C8814D9E-A840-440A-AF26-12BF6EB970DE}"
EndProject
Project("{FAE04EC0-301F-11D3-BF4B-00C04F79EFBC}") = "Domain", "Domain\Domain.csproj", "{AA32BE90-C6D9-41B9-AC7E-618697F6BFE6}"
EndProject
Global
	GlobalSection(SolutionConfigurationPlatforms) = preSolution
		Debug|Any CPU = Debug|Any CPU
		Release|Any CPU = Release|Any CPU
	EndGlobalSection
	GlobalSection(ProjectConfigurationPlatforms) = postSolution
		{3DB0E2EB-BBBA-4FCA-A291-FF090FFAEBD0}.Debug|Any CPU.ActiveCfg = Debug|Any CPU
		{3DB0E2EB-BBBA-4FCA-A291-FF090FFAEBD0}.Debug|Any CPU.Build.0 = Debug|Any CPU
		{3DB0E2EB-BBBA-4FCA-A291-FF090FFAEBD0}.Release|Any CPU.ActiveCfg = Release|Any CPU
		{3DB0E2EB-BBBA-4FCA-A291-FF090FFAEBD0}.Release|Any CPU.Build.0 = Release|Any CPU
		{304F2F01-04F7-40F0-892D-84720BC87424}.Debug|Any CPU.ActiveCfg = Debug|Any CPU
		{304F2F01-04F7-40F0-892D-84720BC87424}.Debug|Any CPU.Build.0 = Debug|Any CPU
		{304F2F01-04F7-40F0-892D-84720BC87424}.Release|Any CPU.ActiveCfg = Release|Any CPU
		{304F2F01-04F7-40F0-892D-84720BC87424}.Release|Any CPU.Build.0 = Release|Any CPU
		{0B26439D-A2E0-4265-85F8-A007BAEAE26E}.Debug|Any CPU.ActiveCfg = Debug|Any CPU
		{0B26439D-A2E0-4265-85F8-A007BAEAE26E}.Debug|Any CPU.Build.0 = Debug|Any CPU
		{0B26439D-A2E0-4265-85F8-A007BAEAE26E}.Release|Any CPU.ActiveCfg = Release|Any CPU
		{0B26439D-A2E0-4265-85F8-A007BAEAE26E}.Release|Any CPU.Build.0 = Release|Any CPU
		{C8814D9E-A840-440A-AF26-12BF6EB970DE}.Debug|Any CPU.ActiveCfg = Debug|Any CPU
		{C8814D9E-A840-440A-AF26-12BF6EB970DE}.Debug|Any CPU.Build.0 = Debug|Any CPU
		{C8814D9E-A840-440A-AF26-12BF6EB970DE}.Release|Any CPU.ActiveCfg = Release|Any CPU
		{C8814D9E-A840-440A-AF26-12BF6EB970DE}.Release|Any CPU.Build.0 = Release|Any CPU
		{AA32BE90-C6D9-41B9-AC7E-618697F6BFE6}.Debug|Any CPU.ActiveCfg = Debug|Any CPU
		{AA32BE90-C6D9-41B9-AC7E-618697F6BFE6}.Debug|Any CPU.Build.0 = Debug|Any CPU
		{AA32BE90-C6D9-41B9-AC7E-618697F6BFE6}.Release|Any CPU.ActiveCfg = Release|Any CPU
		{AA32BE90-C6D9-41B9-AC7E-618697F6BFE6}.Release|Any CPU.Build.0 = Release|Any CPU
	EndGlobalSection
	GlobalSection(SolutionProperties) = preSolution
		HideSolutionNode = FALSE
	EndGlobalSection
	GlobalSection(ExtensibilityGlobals) = postSolution
		SolutionGuid = {39CBB401-6F16-4705-BB05-F14BA7E5D515}
	EndGlobalSection
EndGlobal
